<Solution>
  <Folder Name="/Server/">
    <Project Path="Server/ChServerM.Buffers/ChServerM.Buffers.csproj" />
    <Project Path="Server/ChServerM.Core/ChServerM.Core.csproj" />
    <Project Path="Server/ChServerM.Framing/ChServerM.Framing.csproj" />
    <Project Path="Server/ChServerM.Compression.LZ4/ChServerM.Compression.LZ4.csproj" />
    <Project Path="Server/ChServerM.Cluster/ChServerM.Cluster.csproj" />
    <Project Path="Server/ChServerM.Cluster.Hosting/ChServerM.Cluster.Hosting.csproj" />
    <Project Path="Server/ChServerM.Cluster.Consul/ChServerM.Cluster.Consul.csproj" />
    <Project Path="Server/ChServerM.Concurrency/ChServerM.Concurrency.csproj" />
    <Project Path="Server/ChServerM.DataTable/ChServerM.DataTable.csproj" />
    <Project Path="Server/ChServerM.Diagnostics.Http/ChServerM.Diagnostics.Http.csproj" />
    <Project Path="Server/ChServerM.Hosting/ChServerM.Hosting.csproj" />
    <Project Path="Server/ChServerM.Logging.Extensions/ChServerM.Logging.Extensions.csproj" />
    <Project Path="Server/ChServerM.Observability/ChServerM.Observability.csproj" />
    <Project Path="Server/ChServerM.Persistence.InMemory/ChServerM.Persistence.InMemory.csproj" />
    <Project Path="Server/ChServerM.Persistence.Redis/ChServerM.Persistence.Redis.csproj" />
    <Project Path="Server/ChServerM.Persistence.Postgres/ChServerM.Persistence.Postgres.csproj" />
    <Project Path="Server/ChServerM.Security.AspNetIdentity/ChServerM.Security.AspNetIdentity.csproj" />
    <Project Path="Server/ChServerM.Security.Tls/ChServerM.Security.Tls.csproj" />
    <Project Path="Server/ChServerM.Serialization.FlatBuffers/ChServerM.Serialization.FlatBuffers.csproj" />
    <Project Path="Server/ChServerM.Serialization.MemoryPack/ChServerM.Serialization.MemoryPack.csproj" />
    <Project Path="Server/ChServerM.Serialization.Protobuf/ChServerM.Serialization.Protobuf.csproj" />
    <Project Path="Server/ChServerM.SourceGen/ChServerM.SourceGen.csproj" />
    <Project Path="Server/ChServerM.Transport.Http/ChServerM.Transport.Http.csproj" />
    <Project Path="Server/ChServerM.Transport.InMemory/ChServerM.Transport.InMemory.csproj" />
    <Project Path="Server/ChServerM.Transport.Tcp/ChServerM.Transport.Tcp.csproj" />
    <Project Path="Server/ChServerM.Transport.WebSocket/ChServerM.Transport.WebSocket.csproj" />
  </Folder>
  <Folder Name="/Bench/">
    <Project Path="Bench/ChServerM.Bench.LoadRunner/ChServerM.Bench.LoadRunner.csproj" />
    <Project Path="Bench/ChServerM.Bench/ChServerM.Bench.csproj" />
  </Folder>
  <Folder Name="/Samples/">
    <Project Path="Samples/ChServerM.Samples.EchoServer/ChServerM.Samples.EchoServer.csproj" />
  </Folder>
  <Folder Name="/Tests/">
    <Project Path="Tests/ChServerM.Buffers.Tests/ChServerM.Buffers.Tests.csproj" />
    <Project Path="Tests/ChServerM.Compression.LZ4.Tests/ChServerM.Compression.LZ4.Tests.csproj" />
    <Project Path="Tests/ChServerM.DataTable.Tests/ChServerM.DataTable.Tests.csproj" />
    <Project Path="Tests/ChServerM.Persistence.Conformance/ChServerM.Persistence.Conformance.csproj" />
    <Project Path="Tests/ChServerM.Persistence.InMemory.Tests/ChServerM.Persistence.InMemory.Tests.csproj" />
    <Project Path="Tests/ChServerM.Persistence.Redis.Tests/ChServerM.Persistence.Redis.Tests.csproj" />
    <Project Path="Tests/ChServerM.Persistence.Postgres.Tests/ChServerM.Persistence.Postgres.Tests.csproj" />
    <Project Path="Tests/ChServerM.Cluster.Tests/ChServerM.Cluster.Tests.csproj" />
    <Project Path="Tests/ChServerM.Cluster.Hosting.Tests/ChServerM.Cluster.Hosting.Tests.csproj" />
    <Project Path="Tests/ChServerM.Cluster.Consul.Tests/ChServerM.Cluster.Consul.Tests.csproj" />
    <Project Path="Tests/ChServerM.Core.Tests/ChServerM.Core.Tests.csproj" />
    <Project Path="Tests/ChServerM.Diagnostics.Http.Tests/ChServerM.Diagnostics.Http.Tests.csproj" />
    <Project Path="Tests/ChServerM.Framing.Tests/ChServerM.Framing.Tests.csproj" />
    <Project Path="Tests/ChServerM.Integration.Tests/ChServerM.Integration.Tests.csproj" />
    <Project Path="Tests/ChServerM.Logging.Extensions.Tests/ChServerM.Logging.Extensions.Tests.csproj" />
    <Project Path="Tests/ChServerM.Observability.Tests/ChServerM.Observability.Tests.csproj" />
    <Project Path="Tests/ChServerM.Security.AspNetIdentity.Tests/ChServerM.Security.AspNetIdentity.Tests.csproj" />
    <Project Path="Tests/ChServerM.Security.Tls.Tests/ChServerM.Security.Tls.Tests.csproj" />
    <Project Path="Tests/ChServerM.Serialization.FlatBuffers.Tests/ChServerM.Serialization.FlatBuffers.Tests.csproj" />
    <Project Path="Tests/ChServerM.Serialization.MemoryPack.Tests/ChServerM.Serialization.MemoryPack.Tests.csproj" />
    <Project Path="Tests/ChServerM.Serialization.Protobuf.Tests/ChServerM.Serialization.Protobuf.Tests.csproj" />
    <Project Path="Tests/ChServerM.SourceGen.Tests/ChServerM.SourceGen.Tests.csproj" />
  </Folder>
</Solution>
