<Solution>
  <Folder Name="/Server/">
    <Project Path="Server/ChServerM.Core/ChServerM.Core.csproj" />
    <Project Path="Server/ChServerM.Framing/ChServerM.Framing.csproj" />
  </Folder>
  <Folder Name="/Tests/">
    <Project Path="Tests/ChServerM.Core.Tests/ChServerM.Core.Tests.csproj" />
    <Project Path="Tests/ChServerM.Framing.Tests/ChServerM.Framing.Tests.csproj" />
  </Folder>
</Solution>
