<Solution>
  <Folder Name="/Server/">
    <Project Path="Server/ChServerM.Buffers/ChServerM.Buffers.csproj" />
    <Project Path="Server/ChServerM.Core/ChServerM.Core.csproj" />
    <Project Path="Server/ChServerM.Framing/ChServerM.Framing.csproj" />
    <Project Path="Server/ChServerM.Concurrency/ChServerM.Concurrency.csproj" />
    <Project Path="Server/ChServerM.Hosting/ChServerM.Hosting.csproj" />
    <Project Path="Server/ChServerM.Security.AspNetIdentity/ChServerM.Security.AspNetIdentity.csproj" />
    <Project Path="Server/ChServerM.Security.Tls/ChServerM.Security.Tls.csproj" />
    <Project Path="Server/ChServerM.Serialization.FlatBuffers/ChServerM.Serialization.FlatBuffers.csproj" />
    <Project Path="Server/ChServerM.Serialization.MemoryPack/ChServerM.Serialization.MemoryPack.csproj" />
    <Project Path="Server/ChServerM.Serialization.Protobuf/ChServerM.Serialization.Protobuf.csproj" />
    <Project Path="Server/ChServerM.SourceGen/ChServerM.SourceGen.csproj" />
    <Project Path="Server/ChServerM.Transport.InMemory/ChServerM.Transport.InMemory.csproj" />
    <Project Path="Server/ChServerM.Transport.Tcp/ChServerM.Transport.Tcp.csproj" />
  </Folder>
  <Folder Name="/Bench/">
    <Project Path="Bench/ChServerM.Bench.LoadRunner/ChServerM.Bench.LoadRunner.csproj" />
    <Project Path="Bench/ChServerM.Bench/ChServerM.Bench.csproj" />
  </Folder>
  <Folder Name="/Samples/">
    <Project Path="Samples/ChServerM.Samples.EchoServer/ChServerM.Samples.EchoServer.csproj" />
  </Folder>
  <Folder Name="/Tests/">
    <Project Path="Tests/ChServerM.Buffers.Tests/ChServerM.Buffers.Tests.csproj" />
    <Project Path="Tests/ChServerM.Core.Tests/ChServerM.Core.Tests.csproj" />
    <Project Path="Tests/ChServerM.Framing.Tests/ChServerM.Framing.Tests.csproj" />
    <Project Path="Tests/ChServerM.Integration.Tests/ChServerM.Integration.Tests.csproj" />
    <Project Path="Tests/ChServerM.Security.AspNetIdentity.Tests/ChServerM.Security.AspNetIdentity.Tests.csproj" />
    <Project Path="Tests/ChServerM.Security.Tls.Tests/ChServerM.Security.Tls.Tests.csproj" />
    <Project Path="Tests/ChServerM.Serialization.FlatBuffers.Tests/ChServerM.Serialization.FlatBuffers.Tests.csproj" />
    <Project Path="Tests/ChServerM.Serialization.MemoryPack.Tests/ChServerM.Serialization.MemoryPack.Tests.csproj" />
    <Project Path="Tests/ChServerM.Serialization.Protobuf.Tests/ChServerM.Serialization.Protobuf.Tests.csproj" />
    <Project Path="Tests/ChServerM.SourceGen.Tests/ChServerM.SourceGen.Tests.csproj" />
  </Folder>
</Solution>
